// !$*UTF8*$!
{
	archiveVersion = 1;
	classes = {
	};
	objectVersion = 56;
	objects = {

/* Begin PBXBuildFile section */
		7F205B0A2AEBDCF10048D4A9 /* LocationPickerView.swift in Sources */ = {isa = PBXBuildFile; fileRef = 7F205B092AEBDCF10048D4A9 /* LocationPickerView.swift */; };
		7F205B0C2AEBFAD00048D4A9 /* GeoResponse.swift in Sources */ = {isa = PBXBuildFile; fileRef = 7F205B0B2AEBFAD00048D4A9 /* GeoResponse.swift */; };
		7F205B0E2AEBFC9A0048D4A9 /* LocationPickerViewModel.swift in Sources */ = {isa = PBXBuildFile; fileRef = 7F205B0D2AEBFC9A0048D4A9 /* LocationPickerViewModel.swift */; };
		7F205B122AEC01340048D4A9 /* ViewModelFactory.swift in Sources */ = {isa = PBXBuildFile; fileRef = 7F205B112AEC01340048D4A9 /* ViewModelFactory.swift */; };
		7F205B142AEC07D00048D4A9 /* GeoViewModelItem.swift in Sources */ = {isa = PBXBuildFile; fileRef = 7F205B132AEC07D00048D4A9 /* GeoViewModelItem.swift */; };
		7F7A5F0A2AEB96E00046A4B0 /* LocaleProviderRecordingStub.swift in Sources */ = {isa = PBXBuildFile; fileRef = 7F7A5F092AEB96E00046A4B0 /* LocaleProviderRecordingStub.swift */; };
		7F7A5F0C2AEB9A450046A4B0 /* KeychainStorage.swift in Sources */ = {isa = PBXBuildFile; fileRef = 7F7A5F0B2AEB9A450046A4B0 /* KeychainStorage.swift */; };
		7F7A5F112AEBB56D0046A4B0 /* Strings+Generated.swift in Sources */ = {isa = PBXBuildFile; fileRef = 7F7A5F102AEBB56D0046A4B0 /* Strings+Generated.swift */; };
		7F7A5F132AEBB7DF0046A4B0 /* ApiKeyStorageRecordingStub.swift in Sources */ = {isa = PBXBuildFile; fileRef = 7F7A5F122AEBB7DF0046A4B0 /* ApiKeyStorageRecordingStub.swift */; };
		7FBB6EC52AE996D3005F0F43 /* WeatherAppApp.swift in Sources */ = {isa = PBXBuildFile; fileRef = 7FBB6EC42AE996D3005F0F43 /* WeatherAppApp.swift */; };
		7FBB6EC92AE996D5005F0F43 /* Assets.xcassets in Resources */ = {isa = PBXBuildFile; fileRef = 7FBB6EC82AE996D5005F0F43 /* Assets.xcassets */; };
		7FBB6ECC2AE996D5005F0F43 /* Preview Assets.xcassets in Resources */ = {isa = PBXBuildFile; fileRef = 7FBB6ECB2AE996D5005F0F43 /* Preview Assets.xcassets */; };
		7FBB6EE02AE996D6005F0F43 /* WeatherAppUITests.swift in Sources */ = {isa = PBXBuildFile; fileRef = 7FBB6EDF2AE996D6005F0F43 /* WeatherAppUITests.swift */; };
		7FBB6EE22AE996D6005F0F43 /* WeatherAppUITestsLaunchTests.swift in Sources */ = {isa = PBXBuildFile; fileRef = 7FBB6EE12AE996D6005F0F43 /* WeatherAppUITestsLaunchTests.swift */; };
		7FBB6EF22AEA6504005F0F43 /* LocationService.swift in Sources */ = {isa = PBXBuildFile; fileRef = 7FBB6EF12AEA6504005F0F43 /* LocationService.swift */; };
		7FBB6EF52AEA6A97005F0F43 /* CLLocationManagerProtocol.swift in Sources */ = {isa = PBXBuildFile; fileRef = 7FBB6EF42AEA6A97005F0F43 /* CLLocationManagerProtocol.swift */; };
		7FBB6EF82AEA6AF8005F0F43 /* LocationServiceTests.swift in Sources */ = {isa = PBXBuildFile; fileRef = 7FBB6EF72AEA6AF8005F0F43 /* LocationServiceTests.swift */; };
		7FBB6EFB2AEA6B41005F0F43 /* CLLocationManagerRecordingStub.swift in Sources */ = {isa = PBXBuildFile; fileRef = 7FBB6EFA2AEA6B41005F0F43 /* CLLocationManagerRecordingStub.swift */; };
		7FBB6EFD2AEA7F5D005F0F43 /* WeatherService.swift in Sources */ = {isa = PBXBuildFile; fileRef = 7FBB6EFC2AEA7F5D005F0F43 /* WeatherService.swift */; };
		7FBB6F002AEA8083005F0F43 /* WeatherResponse.swift in Sources */ = {isa = PBXBuildFile; fileRef = 7FBB6EFF2AEA8083005F0F43 /* WeatherResponse.swift */; };
		7FBB6F032AEA811C005F0F43 /* URLSessionProtocol.swift in Sources */ = {isa = PBXBuildFile; fileRef = 7FBB6F022AEA811C005F0F43 /* URLSessionProtocol.swift */; };
		7FBB6F052AEA82C1005F0F43 /* BackendEnvironment.swift in Sources */ = {isa = PBXBuildFile; fileRef = 7FBB6F042AEA82C1005F0F43 /* BackendEnvironment.swift */; };
		7FBB6F072AEA83B0005F0F43 /* JSONDecoderProtocol.swift in Sources */ = {isa = PBXBuildFile; fileRef = 7FBB6F062AEA83B0005F0F43 /* JSONDecoderProtocol.swift */; };
		7FBB6F092AEA8425005F0F43 /* WeatherServiceTests.swift in Sources */ = {isa = PBXBuildFile; fileRef = 7FBB6F082AEA8425005F0F43 /* WeatherServiceTests.swift */; };
		7FBB6F0B2AEA8517005F0F43 /* URLSessionRecordingStub.swift in Sources */ = {isa = PBXBuildFile; fileRef = 7FBB6F0A2AEA8517005F0F43 /* URLSessionRecordingStub.swift */; };
		7FBB6F0D2AEA8722005F0F43 /* JSONDecoderRecordingStub.swift in Sources */ = {isa = PBXBuildFile; fileRef = 7FBB6F0C2AEA8722005F0F43 /* JSONDecoderRecordingStub.swift */; };
		7FBB6F0F2AEA8F4A005F0F43 /* CurrentWeatherView.swift in Sources */ = {isa = PBXBuildFile; fileRef = 7FBB6F0E2AEA8F4A005F0F43 /* CurrentWeatherView.swift */; };
		7FBB6F142AEA939F005F0F43 /* CurrentWeatherViewModelProtocol.swift in Sources */ = {isa = PBXBuildFile; fileRef = 7FBB6F132AEA939F005F0F43 /* CurrentWeatherViewModelProtocol.swift */; };
		7FBB6F162AEA93E6005F0F43 /* CurrentWeatherViewModel.swift in Sources */ = {isa = PBXBuildFile; fileRef = 7FBB6F152AEA93E6005F0F43 /* CurrentWeatherViewModel.swift */; };
		7FBB6F1D2AEAB222005F0F43 /* ServiceFactory.swift in Sources */ = {isa = PBXBuildFile; fileRef = 7FBB6F1C2AEAB222005F0F43 /* ServiceFactory.swift */; };
		7FBB6F222AEACA54005F0F43 /* String+Localized.swift in Sources */ = {isa = PBXBuildFile; fileRef = 7FBB6F212AEACA54005F0F43 /* String+Localized.swift */; };
		7FBB6F262AEACB14005F0F43 /* Localizable.strings in Resources */ = {isa = PBXBuildFile; fileRef = 7FBB6F282AEACB14005F0F43 /* Localizable.strings */; };
		7FBB6F2C2AEAD0A2005F0F43 /* Locale+MeasurementSystemString.swift in Sources */ = {isa = PBXBuildFile; fileRef = 7FBB6F2B2AEAD0A2005F0F43 /* Locale+MeasurementSystemString.swift */; };
		7FBB6F2E2AEAD207005F0F43 /* LocaleProvider.swift in Sources */ = {isa = PBXBuildFile; fileRef = 7FBB6F2D2AEAD207005F0F43 /* LocaleProvider.swift */; };
		7FBB6F302AEAD405005F0F43 /* MeasurementFormatter+Instance.swift in Sources */ = {isa = PBXBuildFile; fileRef = 7FBB6F2F2AEAD405005F0F43 /* MeasurementFormatter+Instance.swift */; };
		7FBB6F332AEB897C005F0F43 /* CurrentWeatherViewModelTests.swift in Sources */ = {isa = PBXBuildFile; fileRef = 7FBB6F322AEB897C005F0F43 /* CurrentWeatherViewModelTests.swift */; };
		7FBB6F352AEB8A95005F0F43 /* LocationServiceRecordingStub.swift in Sources */ = {isa = PBXBuildFile; fileRef = 7FBB6F342AEB8A94005F0F43 /* LocationServiceRecordingStub.swift */; };
		7FBB6F372AEB8DDC005F0F43 /* WeatherServiceRecordingStub.swift in Sources */ = {isa = PBXBuildFile; fileRef = 7FBB6F362AEB8DDC005F0F43 /* WeatherServiceRecordingStub.swift */; };
		7FBB6F392AEB913B005F0F43 /* MeasurementFormatterProtocol.swift in Sources */ = {isa = PBXBuildFile; fileRef = 7FBB6F382AEB913B005F0F43 /* MeasurementFormatterProtocol.swift */; };
		7FBB6F3B2AEB9194005F0F43 /* MeasurementFormatterRecordingStub.swift in Sources */ = {isa = PBXBuildFile; fileRef = 7FBB6F3A2AEB9194005F0F43 /* MeasurementFormatterRecordingStub.swift */; };
/* End PBXBuildFile section */

/* Begin PBXContainerItemProxy section */
		7FBB6ED22AE996D6005F0F43 /* PBXContainerItemProxy */ = {
			isa = PBXContainerItemProxy;
			containerPortal = 7FBB6EB92AE996D3005F0F43 /* Project object */;
			proxyType = 1;
			remoteGlobalIDString = 7FBB6EC02AE996D3005F0F43;
			remoteInfo = WeatherApp;
		};
		7FBB6EDC2AE996D6005F0F43 /* PBXContainerItemProxy */ = {
			isa = PBXContainerItemProxy;
			containerPortal = 7FBB6EB92AE996D3005F0F43 /* Project object */;
			proxyType = 1;
			remoteGlobalIDString = 7FBB6EC02AE996D3005F0F43;
			remoteInfo = WeatherApp;
		};
/* End PBXContainerItemProxy section */

/* Begin PBXFileReference section */
		7F205B092AEBDCF10048D4A9 /* LocationPickerView.swift */ = {isa = PBXFileReference; lastKnownFileType = sourcecode.swift; path = LocationPickerView.swift; sourceTree = "<group>"; };
		7F205B0B2AEBFAD00048D4A9 /* GeoResponse.swift */ = {isa = PBXFileReference; lastKnownFileType = sourcecode.swift; path = GeoResponse.swift; sourceTree = "<group>"; };
		7F205B0D2AEBFC9A0048D4A9 /* LocationPickerViewModel.swift */ = {isa = PBXFileReference; lastKnownFileType = sourcecode.swift; path = LocationPickerViewModel.swift; sourceTree = "<group>"; };
		7F205B112AEC01340048D4A9 /* ViewModelFactory.swift */ = {isa = PBXFileReference; lastKnownFileType = sourcecode.swift; path = ViewModelFactory.swift; sourceTree = "<group>"; };
		7F205B132AEC07D00048D4A9 /* GeoViewModelItem.swift */ = {isa = PBXFileReference; lastKnownFileType = sourcecode.swift; path = GeoViewModelItem.swift; sourceTree = "<group>"; };
		7F7A5F092AEB96E00046A4B0 /* LocaleProviderRecordingStub.swift */ = {isa = PBXFileReference; lastKnownFileType = sourcecode.swift; path = LocaleProviderRecordingStub.swift; sourceTree = "<group>"; };
		7F7A5F0B2AEB9A450046A4B0 /* KeychainStorage.swift */ = {isa = PBXFileReference; lastKnownFileType = sourcecode.swift; path = KeychainStorage.swift; sourceTree = "<group>"; };
		7F7A5F102AEBB56D0046A4B0 /* Strings+Generated.swift */ = {isa = PBXFileReference; fileEncoding = 4; lastKnownFileType = sourcecode.swift; path = "Strings+Generated.swift"; sourceTree = SOURCE_ROOT; };
		7F7A5F122AEBB7DF0046A4B0 /* ApiKeyStorageRecordingStub.swift */ = {isa = PBXFileReference; lastKnownFileType = sourcecode.swift; path = ApiKeyStorageRecordingStub.swift; sourceTree = "<group>"; };
		7FBB6EC12AE996D3005F0F43 /* WeatherApp.app */ = {isa = PBXFileReference; explicitFileType = wrapper.application; includeInIndex = 0; path = WeatherApp.app; sourceTree = BUILT_PRODUCTS_DIR; };
		7FBB6EC42AE996D3005F0F43 /* WeatherAppApp.swift */ = {isa = PBXFileReference; lastKnownFileType = sourcecode.swift; path = WeatherAppApp.swift; sourceTree = "<group>"; };
		7FBB6EC82AE996D5005F0F43 /* Assets.xcassets */ = {isa = PBXFileReference; lastKnownFileType = folder.assetcatalog; path = Assets.xcassets; sourceTree = "<group>"; };
		7FBB6ECB2AE996D5005F0F43 /* Preview Assets.xcassets */ = {isa = PBXFileReference; lastKnownFileType = folder.assetcatalog; path = "Preview Assets.xcassets"; sourceTree = "<group>"; };
		7FBB6ED12AE996D6005F0F43 /* WeatherAppTests.xctest */ = {isa = PBXFileReference; explicitFileType = wrapper.cfbundle; includeInIndex = 0; path = WeatherAppTests.xctest; sourceTree = BUILT_PRODUCTS_DIR; };
		7FBB6EDB2AE996D6005F0F43 /* WeatherAppUITests.xctest */ = {isa = PBXFileReference; explicitFileType = wrapper.cfbundle; includeInIndex = 0; path = WeatherAppUITests.xctest; sourceTree = BUILT_PRODUCTS_DIR; };
		7FBB6EDF2AE996D6005F0F43 /* WeatherAppUITests.swift */ = {isa = PBXFileReference; lastKnownFileType = sourcecode.swift; path = WeatherAppUITests.swift; sourceTree = "<group>"; };
		7FBB6EE12AE996D6005F0F43 /* WeatherAppUITestsLaunchTests.swift */ = {isa = PBXFileReference; lastKnownFileType = sourcecode.swift; path = WeatherAppUITestsLaunchTests.swift; sourceTree = "<group>"; };
		7FBB6EF12AEA6504005F0F43 /* LocationService.swift */ = {isa = PBXFileReference; lastKnownFileType = sourcecode.swift; path = LocationService.swift; sourceTree = "<group>"; };
		7FBB6EF42AEA6A97005F0F43 /* CLLocationManagerProtocol.swift */ = {isa = PBXFileReference; lastKnownFileType = sourcecode.swift; path = CLLocationManagerProtocol.swift; sourceTree = "<group>"; };
		7FBB6EF72AEA6AF8005F0F43 /* LocationServiceTests.swift */ = {isa = PBXFileReference; lastKnownFileType = sourcecode.swift; path = LocationServiceTests.swift; sourceTree = "<group>"; };
		7FBB6EFA2AEA6B41005F0F43 /* CLLocationManagerRecordingStub.swift */ = {isa = PBXFileReference; lastKnownFileType = sourcecode.swift; path = CLLocationManagerRecordingStub.swift; sourceTree = "<group>"; };
		7FBB6EFC2AEA7F5D005F0F43 /* WeatherService.swift */ = {isa = PBXFileReference; lastKnownFileType = sourcecode.swift; path = WeatherService.swift; sourceTree = "<group>"; };
		7FBB6EFF2AEA8083005F0F43 /* WeatherResponse.swift */ = {isa = PBXFileReference; lastKnownFileType = sourcecode.swift; path = WeatherResponse.swift; sourceTree = "<group>"; };
		7FBB6F022AEA811C005F0F43 /* URLSessionProtocol.swift */ = {isa = PBXFileReference; lastKnownFileType = sourcecode.swift; path = URLSessionProtocol.swift; sourceTree = "<group>"; };
		7FBB6F042AEA82C1005F0F43 /* BackendEnvironment.swift */ = {isa = PBXFileReference; lastKnownFileType = sourcecode.swift; path = BackendEnvironment.swift; sourceTree = "<group>"; };
		7FBB6F062AEA83B0005F0F43 /* JSONDecoderProtocol.swift */ = {isa = PBXFileReference; lastKnownFileType = sourcecode.swift; path = JSONDecoderProtocol.swift; sourceTree = "<group>"; };
		7FBB6F082AEA8425005F0F43 /* WeatherServiceTests.swift */ = {isa = PBXFileReference; lastKnownFileType = sourcecode.swift; path = WeatherServiceTests.swift; sourceTree = "<group>"; };
		7FBB6F0A2AEA8517005F0F43 /* URLSessionRecordingStub.swift */ = {isa = PBXFileReference; lastKnownFileType = sourcecode.swift; path = URLSessionRecordingStub.swift; sourceTree = "<group>"; };
		7FBB6F0C2AEA8722005F0F43 /* JSONDecoderRecordingStub.swift */ = {isa = PBXFileReference; lastKnownFileType = sourcecode.swift; path = JSONDecoderRecordingStub.swift; sourceTree = "<group>"; };
		7FBB6F0E2AEA8F4A005F0F43 /* CurrentWeatherView.swift */ = {isa = PBXFileReference; lastKnownFileType = sourcecode.swift; path = CurrentWeatherView.swift; sourceTree = "<group>"; };
		7FBB6F132AEA939F005F0F43 /* CurrentWeatherViewModelProtocol.swift */ = {isa = PBXFileReference; lastKnownFileType = sourcecode.swift; path = CurrentWeatherViewModelProtocol.swift; sourceTree = "<group>"; };
		7FBB6F152AEA93E6005F0F43 /* CurrentWeatherViewModel.swift */ = {isa = PBXFileReference; lastKnownFileType = sourcecode.swift; path = CurrentWeatherViewModel.swift; sourceTree = "<group>"; };
		7FBB6F1C2AEAB222005F0F43 /* ServiceFactory.swift */ = {isa = PBXFileReference; lastKnownFileType = sourcecode.swift; path = ServiceFactory.swift; sourceTree = "<group>"; };
		7FBB6F1E2AEAB415005F0F43 /* Info.plist */ = {isa = PBXFileReference; lastKnownFileType = text.plist.xml; path = Info.plist; sourceTree = "<group>"; };
		7FBB6F212AEACA54005F0F43 /* String+Localized.swift */ = {isa = PBXFileReference; lastKnownFileType = sourcecode.swift; path = "String+Localized.swift"; sourceTree = "<group>"; };
		7FBB6F272AEACB14005F0F43 /* en */ = {isa = PBXFileReference; lastKnownFileType = text.plist.strings; name = en; path = en.lproj/Localizable.strings; sourceTree = "<group>"; };
		7FBB6F2B2AEAD0A2005F0F43 /* Locale+MeasurementSystemString.swift */ = {isa = PBXFileReference; lastKnownFileType = sourcecode.swift; path = "Locale+MeasurementSystemString.swift"; sourceTree = "<group>"; };
		7FBB6F2D2AEAD207005F0F43 /* LocaleProvider.swift */ = {isa = PBXFileReference; lastKnownFileType = sourcecode.swift; path = LocaleProvider.swift; sourceTree = "<group>"; };
		7FBB6F2F2AEAD405005F0F43 /* MeasurementFormatter+Instance.swift */ = {isa = PBXFileReference; lastKnownFileType = sourcecode.swift; path = "MeasurementFormatter+Instance.swift"; sourceTree = "<group>"; };
		7FBB6F322AEB897C005F0F43 /* CurrentWeatherViewModelTests.swift */ = {isa = PBXFileReference; lastKnownFileType = sourcecode.swift; path = CurrentWeatherViewModelTests.swift; sourceTree = "<group>"; };
		7FBB6F342AEB8A94005F0F43 /* LocationServiceRecordingStub.swift */ = {isa = PBXFileReference; lastKnownFileType = sourcecode.swift; path = LocationServiceRecordingStub.swift; sourceTree = "<group>"; };
		7FBB6F362AEB8DDC005F0F43 /* WeatherServiceRecordingStub.swift */ = {isa = PBXFileReference; lastKnownFileType = sourcecode.swift; path = WeatherServiceRecordingStub.swift; sourceTree = "<group>"; };
		7FBB6F382AEB913B005F0F43 /* MeasurementFormatterProtocol.swift */ = {isa = PBXFileReference; lastKnownFileType = sourcecode.swift; path = MeasurementFormatterProtocol.swift; sourceTree = "<group>"; };
		7FBB6F3A2AEB9194005F0F43 /* MeasurementFormatterRecordingStub.swift */ = {isa = PBXFileReference; lastKnownFileType = sourcecode.swift; path = MeasurementFormatterRecordingStub.swift; sourceTree = "<group>"; };
/* End PBXFileReference section */

/* Begin PBXFrameworksBuildPhase section */
		7FBB6EBE2AE996D3005F0F43 /* Frameworks */ = {
			isa = PBXFrameworksBuildPhase;
			buildActionMask = 2147483647;
			files = (
			);
			runOnlyForDeploymentPostprocessing = 0;
		};
		7FBB6ECE2AE996D6005F0F43 /* Frameworks */ = {
			isa = PBXFrameworksBuildPhase;
			buildActionMask = 2147483647;
			files = (
			);
			runOnlyForDeploymentPostprocessing = 0;
		};
		7FBB6ED82AE996D6005F0F43 /* Frameworks */ = {
			isa = PBXFrameworksBuildPhase;
			buildActionMask = 2147483647;
			files = (
			);
			runOnlyForDeploymentPostprocessing = 0;
		};
/* End PBXFrameworksBuildPhase section */

/* Begin PBXGroup section */
		7F205B062AEBDCCA0048D4A9 /* LocationPicker */ = {
			isa = PBXGroup;
			children = (
				7F205B092AEBDCF10048D4A9 /* LocationPickerView.swift */,
				7F205B0D2AEBFC9A0048D4A9 /* LocationPickerViewModel.swift */,
				7F205B132AEC07D00048D4A9 /* GeoViewModelItem.swift */,
			);
			path = LocationPicker;
			sourceTree = "<group>";
		};
		7F7A5F0F2AEBB5470046A4B0 /* Strings */ = {
			isa = PBXGroup;
			children = (
				7F7A5F102AEBB56D0046A4B0 /* Strings+Generated.swift */,
			);
			path = Strings;
			sourceTree = "<group>";
		};
		7FBB6EB82AE996D3005F0F43 = {
			isa = PBXGroup;
			children = (
				7FBB6EC32AE996D3005F0F43 /* WeatherApp */,
				7FBB6ED42AE996D6005F0F43 /* WeatherAppTests */,
				7FBB6EDE2AE996D6005F0F43 /* WeatherAppUITests */,
				7FBB6EC22AE996D3005F0F43 /* Products */,
			);
			sourceTree = "<group>";
		};
		7FBB6EC22AE996D3005F0F43 /* Products */ = {
			isa = PBXGroup;
			children = (
				7FBB6EC12AE996D3005F0F43 /* WeatherApp.app */,
				7FBB6ED12AE996D6005F0F43 /* WeatherAppTests.xctest */,
				7FBB6EDB2AE996D6005F0F43 /* WeatherAppUITests.xctest */,
			);
			name = Products;
			sourceTree = "<group>";
		};
		7FBB6EC32AE996D3005F0F43 /* WeatherApp */ = {
			isa = PBXGroup;
			children = (
				7FBB6F1E2AEAB415005F0F43 /* Info.plist */,
				7FBB6F172AEAADA9005F0F43 /* Factory */,
				7FBB6F252AEACADF005F0F43 /* Resources */,
				7FBB6EEF2AEA64D3005F0F43 /* Services */,
				7FBB6EEE2AEA64CD005F0F43 /* UI */,
				7FBB6F1F2AEACA3D005F0F43 /* Utils */,
				7FBB6EC42AE996D3005F0F43 /* WeatherAppApp.swift */,
				7FBB6EC82AE996D5005F0F43 /* Assets.xcassets */,
				7FBB6ECA2AE996D5005F0F43 /* Preview Content */,
			);
			path = WeatherApp;
			sourceTree = "<group>";
		};
		7FBB6ECA2AE996D5005F0F43 /* Preview Content */ = {
			isa = PBXGroup;
			children = (
				7FBB6ECB2AE996D5005F0F43 /* Preview Assets.xcassets */,
			);
			path = "Preview Content";
			sourceTree = "<group>";
		};
		7FBB6ED42AE996D6005F0F43 /* WeatherAppTests */ = {
			isa = PBXGroup;
			children = (
				7FBB6EF92AEA6B25005F0F43 /* Dummies */,
				7FBB6EF62AEA6AEA005F0F43 /* Services */,
				7FBB6F312AEB895D005F0F43 /* ViewModels */,
			);
			path = WeatherAppTests;
			sourceTree = "<group>";
		};
		7FBB6EDE2AE996D6005F0F43 /* WeatherAppUITests */ = {
			isa = PBXGroup;
			children = (
				7FBB6EDF2AE996D6005F0F43 /* WeatherAppUITests.swift */,
				7FBB6EE12AE996D6005F0F43 /* WeatherAppUITestsLaunchTests.swift */,
			);
			path = WeatherAppUITests;
			sourceTree = "<group>";
		};
		7FBB6EEE2AEA64CD005F0F43 /* UI */ = {
			isa = PBXGroup;
			children = (
				7F205B062AEBDCCA0048D4A9 /* LocationPicker */,
				7F7A5F0F2AEBB5470046A4B0 /* Strings */,
				7FBB6EF02AEA64DF005F0F43 /* CurrentWeather */,
			);
			path = UI;
			sourceTree = "<group>";
		};
		7FBB6EEF2AEA64D3005F0F43 /* Services */ = {
			isa = PBXGroup;
			children = (
				7FBB6F012AEA80E5005F0F43 /* Mocking Enablers */,
				7FBB6EFE2AEA8072005F0F43 /* Models */,
				7FBB6EF12AEA6504005F0F43 /* LocationService.swift */,
				7FBB6EFC2AEA7F5D005F0F43 /* WeatherService.swift */,
				7F7A5F0B2AEB9A450046A4B0 /* KeychainStorage.swift */,
			);
			path = Services;
			sourceTree = "<group>";
		};
		7FBB6EF02AEA64DF005F0F43 /* CurrentWeather */ = {
			isa = PBXGroup;
			children = (
				7FBB6F0E2AEA8F4A005F0F43 /* CurrentWeatherView.swift */,
				7FBB6F132AEA939F005F0F43 /* CurrentWeatherViewModelProtocol.swift */,
				7FBB6F152AEA93E6005F0F43 /* CurrentWeatherViewModel.swift */,
			);
			path = CurrentWeather;
			sourceTree = "<group>";
		};
		7FBB6EF62AEA6AEA005F0F43 /* Services */ = {
			isa = PBXGroup;
			children = (
				7FBB6EF72AEA6AF8005F0F43 /* LocationServiceTests.swift */,
				7FBB6F082AEA8425005F0F43 /* WeatherServiceTests.swift */,
			);
			path = Services;
			sourceTree = "<group>";
		};
		7FBB6EF92AEA6B25005F0F43 /* Dummies */ = {
			isa = PBXGroup;
			children = (
				7FBB6EFA2AEA6B41005F0F43 /* CLLocationManagerRecordingStub.swift */,
				7FBB6F0A2AEA8517005F0F43 /* URLSessionRecordingStub.swift */,
				7FBB6F0C2AEA8722005F0F43 /* JSONDecoderRecordingStub.swift */,
				7FBB6F342AEB8A94005F0F43 /* LocationServiceRecordingStub.swift */,
				7FBB6F362AEB8DDC005F0F43 /* WeatherServiceRecordingStub.swift */,
				7FBB6F3A2AEB9194005F0F43 /* MeasurementFormatterRecordingStub.swift */,
				7F7A5F092AEB96E00046A4B0 /* LocaleProviderRecordingStub.swift */,
				7F7A5F122AEBB7DF0046A4B0 /* ApiKeyStorageRecordingStub.swift */,
			);
			path = Dummies;
			sourceTree = "<group>";
		};
		7FBB6EFE2AEA8072005F0F43 /* Models */ = {
			isa = PBXGroup;
			children = (
				7FBB6EFF2AEA8083005F0F43 /* WeatherResponse.swift */,
				7FBB6F042AEA82C1005F0F43 /* BackendEnvironment.swift */,
				7F205B0B2AEBFAD00048D4A9 /* GeoResponse.swift */,
			);
			path = Models;
			sourceTree = "<group>";
		};
		7FBB6F012AEA80E5005F0F43 /* Mocking Enablers */ = {
			isa = PBXGroup;
			children = (
				7FBB6EF42AEA6A97005F0F43 /* CLLocationManagerProtocol.swift */,
				7FBB6F022AEA811C005F0F43 /* URLSessionProtocol.swift */,
				7FBB6F062AEA83B0005F0F43 /* JSONDecoderProtocol.swift */,
				7FBB6F2D2AEAD207005F0F43 /* LocaleProvider.swift */,
				7FBB6F382AEB913B005F0F43 /* MeasurementFormatterProtocol.swift */,
			);
			path = "Mocking Enablers";
			sourceTree = "<group>";
		};
		7FBB6F172AEAADA9005F0F43 /* Factory */ = {
			isa = PBXGroup;
			children = (
				7FBB6F1C2AEAB222005F0F43 /* ServiceFactory.swift */,
				7F205B112AEC01340048D4A9 /* ViewModelFactory.swift */,
			);
			path = Factory;
			sourceTree = "<group>";
		};
		7FBB6F1F2AEACA3D005F0F43 /* Utils */ = {
			isa = PBXGroup;
			children = (
				7FBB6F202AEACA44005F0F43 /* Extensions */,
			);
			path = Utils;
			sourceTree = "<group>";
		};
		7FBB6F202AEACA44005F0F43 /* Extensions */ = {
			isa = PBXGroup;
			children = (
				7FBB6F212AEACA54005F0F43 /* String+Localized.swift */,
				7FBB6F2B2AEAD0A2005F0F43 /* Locale+MeasurementSystemString.swift */,
				7FBB6F2F2AEAD405005F0F43 /* MeasurementFormatter+Instance.swift */,
			);
			path = Extensions;
			sourceTree = "<group>";
		};
		7FBB6F252AEACADF005F0F43 /* Resources */ = {
			isa = PBXGroup;
			children = (
				7FBB6F282AEACB14005F0F43 /* Localizable.strings */,
			);
			path = Resources;
			sourceTree = "<group>";
		};
		7FBB6F312AEB895D005F0F43 /* ViewModels */ = {
			isa = PBXGroup;
			children = (
				7FBB6F322AEB897C005F0F43 /* CurrentWeatherViewModelTests.swift */,
			);
			path = ViewModels;
			sourceTree = "<group>";
		};
/* End PBXGroup section */

/* Begin PBXNativeTarget section */
		7FBB6EC02AE996D3005F0F43 /* WeatherApp */ = {
			isa = PBXNativeTarget;
			buildConfigurationList = 7FBB6EE52AE996D6005F0F43 /* Build configuration list for PBXNativeTarget "WeatherApp" */;
			buildPhases = (
				7FBB6EBD2AE996D3005F0F43 /* Sources */,
				7FBB6EBE2AE996D3005F0F43 /* Frameworks */,
				7FBB6EBF2AE996D3005F0F43 /* Resources */,
			);
			buildRules = (
			);
			dependencies = (
			);
			name = WeatherApp;
			productName = WeatherApp;
			productReference = 7FBB6EC12AE996D3005F0F43 /* WeatherApp.app */;
			productType = "com.apple.product-type.application";
		};
		7FBB6ED02AE996D6005F0F43 /* WeatherAppTests */ = {
			isa = PBXNativeTarget;
			buildConfigurationList = 7FBB6EE82AE996D6005F0F43 /* Build configuration list for PBXNativeTarget "WeatherAppTests" */;
			buildPhases = (
				7FBB6ECD2AE996D6005F0F43 /* Sources */,
				7FBB6ECE2AE996D6005F0F43 /* Frameworks */,
				7FBB6ECF2AE996D6005F0F43 /* Resources */,
			);
			buildRules = (
			);
			dependencies = (
				7FBB6ED32AE996D6005F0F43 /* PBXTargetDependency */,
			);
			name = WeatherAppTests;
			productName = WeatherAppTests;
			productReference = 7FBB6ED12AE996D6005F0F43 /* WeatherAppTests.xctest */;
			productType = "com.apple.product-type.bundle.unit-test";
		};
		7FBB6EDA2AE996D6005F0F43 /* WeatherAppUITests */ = {
			isa = PBXNativeTarget;
			buildConfigurationList = 7FBB6EEB2AE996D6005F0F43 /* Build configuration list for PBXNativeTarget "WeatherAppUITests" */;
			buildPhases = (
				7FBB6ED72AE996D6005F0F43 /* Sources */,
				7FBB6ED82AE996D6005F0F43 /* Frameworks */,
				7FBB6ED92AE996D6005F0F43 /* Resources */,
			);
			buildRules = (
			);
			dependencies = (
				7FBB6EDD2AE996D6005F0F43 /* PBXTargetDependency */,
			);
			name = WeatherAppUITests;
			productName = WeatherAppUITests;
			productReference = 7FBB6EDB2AE996D6005F0F43 /* WeatherAppUITests.xctest */;
			productType = "com.apple.product-type.bundle.ui-testing";
		};
/* End PBXNativeTarget section */

/* Begin PBXProject section */
		7FBB6EB92AE996D3005F0F43 /* Project object */ = {
			isa = PBXProject;
			attributes = {
				BuildIndependentTargetsInParallel = 1;
				LastSwiftUpdateCheck = 1430;
				LastUpgradeCheck = 1430;
				TargetAttributes = {
					7FBB6EC02AE996D3005F0F43 = {
						CreatedOnToolsVersion = 14.3.1;
					};
					7FBB6ED02AE996D6005F0F43 = {
						CreatedOnToolsVersion = 14.3.1;
						TestTargetID = 7FBB6EC02AE996D3005F0F43;
					};
					7FBB6EDA2AE996D6005F0F43 = {
						CreatedOnToolsVersion = 14.3.1;
						TestTargetID = 7FBB6EC02AE996D3005F0F43;
					};
				};
			};
			buildConfigurationList = 7FBB6EBC2AE996D3005F0F43 /* Build configuration list for PBXProject "WeatherApp" */;
			compatibilityVersion = "Xcode 14.0";
			developmentRegion = en;
			hasScannedForEncodings = 0;
			knownRegions = (
				en,
				Base,
			);
			mainGroup = 7FBB6EB82AE996D3005F0F43;
			productRefGroup = 7FBB6EC22AE996D3005F0F43 /* Products */;
			projectDirPath = "";
			projectRoot = "";
			targets = (
				7FBB6EC02AE996D3005F0F43 /* WeatherApp */,
				7FBB6ED02AE996D6005F0F43 /* WeatherAppTests */,
				7FBB6EDA2AE996D6005F0F43 /* WeatherAppUITests */,
			);
		};
/* End PBXProject section */

/* Begin PBXResourcesBuildPhase section */
		7FBB6EBF2AE996D3005F0F43 /* Resources */ = {
			isa = PBXResourcesBuildPhase;
			buildActionMask = 2147483647;
			files = (
				7FBB6ECC2AE996D5005F0F43 /* Preview Assets.xcassets in Resources */,
				7FBB6F262AEACB14005F0F43 /* Localizable.strings in Resources */,
				7FBB6EC92AE996D5005F0F43 /* Assets.xcassets in Resources */,
			);
			runOnlyForDeploymentPostprocessing = 0;
		};
		7FBB6ECF2AE996D6005F0F43 /* Resources */ = {
			isa = PBXResourcesBuildPhase;
			buildActionMask = 2147483647;
			files = (
			);
			runOnlyForDeploymentPostprocessing = 0;
		};
		7FBB6ED92AE996D6005F0F43 /* Resources */ = {
			isa = PBXResourcesBuildPhase;
			buildActionMask = 2147483647;
			files = (
			);
			runOnlyForDeploymentPostprocessing = 0;
		};
/* End PBXResourcesBuildPhase section */

/* Begin PBXSourcesBuildPhase section */
		7FBB6EBD2AE996D3005F0F43 /* Sources */ = {
			isa = PBXSourcesBuildPhase;
			buildActionMask = 2147483647;
			files = (
				7FBB6F072AEA83B0005F0F43 /* JSONDecoderProtocol.swift in Sources */,
				7F205B0A2AEBDCF10048D4A9 /* LocationPickerView.swift in Sources */,
				7F7A5F112AEBB56D0046A4B0 /* Strings+Generated.swift in Sources */,
				7FBB6F142AEA939F005F0F43 /* CurrentWeatherViewModelProtocol.swift in Sources */,
				7FBB6F052AEA82C1005F0F43 /* BackendEnvironment.swift in Sources */,
				7F205B0C2AEBFAD00048D4A9 /* GeoResponse.swift in Sources */,
				7FBB6F032AEA811C005F0F43 /* URLSessionProtocol.swift in Sources */,
				7F205B142AEC07D00048D4A9 /* GeoViewModelItem.swift in Sources */,
				7FBB6F222AEACA54005F0F43 /* String+Localized.swift in Sources */,
				7FBB6F0F2AEA8F4A005F0F43 /* CurrentWeatherView.swift in Sources */,
				7F205B0E2AEBFC9A0048D4A9 /* LocationPickerViewModel.swift in Sources */,
				7FBB6F2C2AEAD0A2005F0F43 /* Locale+MeasurementSystemString.swift in Sources */,
				7FBB6F392AEB913B005F0F43 /* MeasurementFormatterProtocol.swift in Sources */,
				7FBB6F1D2AEAB222005F0F43 /* ServiceFactory.swift in Sources */,
				7FBB6F302AEAD405005F0F43 /* MeasurementFormatter+Instance.swift in Sources */,
				7FBB6EFD2AEA7F5D005F0F43 /* WeatherService.swift in Sources */,
				7F205B122AEC01340048D4A9 /* ViewModelFactory.swift in Sources */,
				7FBB6F2E2AEAD207005F0F43 /* LocaleProvider.swift in Sources */,
				7FBB6F002AEA8083005F0F43 /* WeatherResponse.swift in Sources */,
				7FBB6EF22AEA6504005F0F43 /* LocationService.swift in Sources */,
				7FBB6EC52AE996D3005F0F43 /* WeatherAppApp.swift in Sources */,
				7FBB6EF52AEA6A97005F0F43 /* CLLocationManagerProtocol.swift in Sources */,
				7FBB6F162AEA93E6005F0F43 /* CurrentWeatherViewModel.swift in Sources */,
				7F7A5F0C2AEB9A450046A4B0 /* KeychainStorage.swift in Sources */,
			);
			runOnlyForDeploymentPostprocessing = 0;
		};
		7FBB6ECD2AE996D6005F0F43 /* Sources */ = {
			isa = PBXSourcesBuildPhase;
			buildActionMask = 2147483647;
			files = (
				7FBB6F352AEB8A95005F0F43 /* LocationServiceRecordingStub.swift in Sources */,
				7FBB6F0D2AEA8722005F0F43 /* JSONDecoderRecordingStub.swift in Sources */,
				7FBB6F332AEB897C005F0F43 /* CurrentWeatherViewModelTests.swift in Sources */,
				7F7A5F132AEBB7DF0046A4B0 /* ApiKeyStorageRecordingStub.swift in Sources */,
				7FBB6F372AEB8DDC005F0F43 /* WeatherServiceRecordingStub.swift in Sources */,
				7FBB6F0B2AEA8517005F0F43 /* URLSessionRecordingStub.swift in Sources */,
				7FBB6F092AEA8425005F0F43 /* WeatherServiceTests.swift in Sources */,
				7FBB6EFB2AEA6B41005F0F43 /* CLLocationManagerRecordingStub.swift in Sources */,
				7FBB6F3B2AEB9194005F0F43 /* MeasurementFormatterRecordingStub.swift in Sources */,
				7F7A5F0A2AEB96E00046A4B0 /* LocaleProviderRecordingStub.swift in Sources */,
				7FBB6EF82AEA6AF8005F0F43 /* LocationServiceTests.swift in Sources */,
			);
			runOnlyForDeploymentPostprocessing = 0;
		};
		7FBB6ED72AE996D6005F0F43 /* Sources */ = {
			isa = PBXSourcesBuildPhase;
			buildActionMask = 2147483647;
			files = (
				7FBB6EE02AE996D6005F0F43 /* WeatherAppUITests.swift in Sources */,
				7FBB6EE22AE996D6005F0F43 /* WeatherAppUITestsLaunchTests.swift in Sources */,
			);
			runOnlyForDeploymentPostprocessing = 0;
		};
/* End PBXSourcesBuildPhase section */

/* Begin PBXTargetDependency section */
		7FBB6ED32AE996D6005F0F43 /* PBXTargetDependency */ = {
			isa = PBXTargetDependency;
			target = 7FBB6EC02AE996D3005F0F43 /* WeatherApp */;
			targetProxy = 7FBB6ED22AE996D6005F0F43 /* PBXContainerItemProxy */;
		};
		7FBB6EDD2AE996D6005F0F43 /* PBXTargetDependency */ = {
			isa = PBXTargetDependency;
			target = 7FBB6EC02AE996D3005F0F43 /* WeatherApp */;
			targetProxy = 7FBB6EDC2AE996D6005F0F43 /* PBXContainerItemProxy */;
		};
/* End PBXTargetDependency section */

/* Begin PBXVariantGroup section */
		7FBB6F282AEACB14005F0F43 /* Localizable.strings */ = {
			isa = PBXVariantGroup;
			children = (
				7FBB6F272AEACB14005F0F43 /* en */,
			);
			name = Localizable.strings;
			sourceTree = "<group>";
		};
/* End PBXVariantGroup section */

/* Begin XCBuildConfiguration section */
		7FBB6EE32AE996D6005F0F43 /* Debug */ = {
			isa = XCBuildConfiguration;
			buildSettings = {
				ALWAYS_SEARCH_USER_PATHS = NO;
				CLANG_ANALYZER_NONNULL = YES;
				CLANG_ANALYZER_NUMBER_OBJECT_CONVERSION = YES_AGGRESSIVE;
				CLANG_CXX_LANGUAGE_STANDARD = "gnu++20";
				CLANG_ENABLE_MODULES = YES;
				CLANG_ENABLE_OBJC_ARC = YES;
				CLANG_ENABLE_OBJC_WEAK = YES;
				CLANG_WARN_BLOCK_CAPTURE_AUTORELEASING = YES;
				CLANG_WARN_BOOL_CONVERSION = YES;
				CLANG_WARN_COMMA = YES;
				CLANG_WARN_CONSTANT_CONVERSION = YES;
				CLANG_WARN_DEPRECATED_OBJC_IMPLEMENTATIONS = YES;
				CLANG_WARN_DIRECT_OBJC_ISA_USAGE = YES_ERROR;
				CLANG_WARN_DOCUMENTATION_COMMENTS = YES;
				CLANG_WARN_EMPTY_BODY = YES;
				CLANG_WARN_ENUM_CONVERSION = YES;
				CLANG_WARN_INFINITE_RECURSION = YES;
				CLANG_WARN_INT_CONVERSION = YES;
				CLANG_WARN_NON_LITERAL_NULL_CONVERSION = YES;
				CLANG_WARN_OBJC_IMPLICIT_RETAIN_SELF = YES;
				CLANG_WARN_OBJC_LITERAL_CONVERSION = YES;
				CLANG_WARN_OBJC_ROOT_CLASS = YES_ERROR;
				CLANG_WARN_QUOTED_INCLUDE_IN_FRAMEWORK_HEADER = YES;
				CLANG_WARN_RANGE_LOOP_ANALYSIS = YES;
				CLANG_WARN_STRICT_PROTOTYPES = YES;
				CLANG_WARN_SUSPICIOUS_MOVE = YES;
				CLANG_WARN_UNGUARDED_AVAILABILITY = YES_AGGRESSIVE;
				CLANG_WARN_UNREACHABLE_CODE = YES;
				CLANG_WARN__DUPLICATE_METHOD_MATCH = YES;
				COPY_PHASE_STRIP = NO;
				DEBUG_INFORMATION_FORMAT = dwarf;
				ENABLE_STRICT_OBJC_MSGSEND = YES;
				ENABLE_TESTABILITY = YES;
				GCC_C_LANGUAGE_STANDARD = gnu11;
				GCC_DYNAMIC_NO_PIC = NO;
				GCC_NO_COMMON_BLOCKS = YES;
				GCC_OPTIMIZATION_LEVEL = 0;
				GCC_PREPROCESSOR_DEFINITIONS = (
					"DEBUG=1",
					"$(inherited)",
				);
				GCC_WARN_64_TO_32_BIT_CONVERSION = YES;
				GCC_WARN_ABOUT_RETURN_TYPE = YES_ERROR;
				GCC_WARN_UNDECLARED_SELECTOR = YES;
				GCC_WARN_UNINITIALIZED_AUTOS = YES_AGGRESSIVE;
				GCC_WARN_UNUSED_FUNCTION = YES;
				GCC_WARN_UNUSED_VARIABLE = YES;
				IPHONEOS_DEPLOYMENT_TARGET = 16.0;
				MTL_ENABLE_DEBUG_INFO = INCLUDE_SOURCE;
				MTL_FAST_MATH = YES;
				ONLY_ACTIVE_ARCH = YES;
				SDKROOT = iphoneos;
				SWIFT_ACTIVE_COMPILATION_CONDITIONS = DEBUG;
				SWIFT_OPTIMIZATION_LEVEL = "-Onone";
				SWIFT_STRICT_CONCURRENCY = complete;
			};
			name = Debug;
		};
		7FBB6EE42AE996D6005F0F43 /* Release */ = {
			isa = XCBuildConfiguration;
			buildSettings = {
				ALWAYS_SEARCH_USER_PATHS = NO;
				CLANG_ANALYZER_NONNULL = YES;
				CLANG_ANALYZER_NUMBER_OBJECT_CONVERSION = YES_AGGRESSIVE;
				CLANG_CXX_LANGUAGE_STANDARD = "gnu++20";
				CLANG_ENABLE_MODULES = YES;
				CLANG_ENABLE_OBJC_ARC = YES;
				CLANG_ENABLE_OBJC_WEAK = YES;
				CLANG_WARN_BLOCK_CAPTURE_AUTORELEASING = YES;
				CLANG_WARN_BOOL_CONVERSION = YES;
				CLANG_WARN_COMMA = YES;
				CLANG_WARN_CONSTANT_CONVERSION = YES;
				CLANG_WARN_DEPRECATED_OBJC_IMPLEMENTATIONS = YES;
				CLANG_WARN_DIRECT_OBJC_ISA_USAGE = YES_ERROR;
				CLANG_WARN_DOCUMENTATION_COMMENTS = YES;
				CLANG_WARN_EMPTY_BODY = YES;
				CLANG_WARN_ENUM_CONVERSION = YES;
				CLANG_WARN_INFINITE_RECURSION = YES;
				CLANG_WARN_INT_CONVERSION = YES;
				CLANG_WARN_NON_LITERAL_NULL_CONVERSION = YES;
				CLANG_WARN_OBJC_IMPLICIT_RETAIN_SELF = YES;
				CLANG_WARN_OBJC_LITERAL_CONVERSION = YES;
				CLANG_WARN_OBJC_ROOT_CLASS = YES_ERROR;
				CLANG_WARN_QUOTED_INCLUDE_IN_FRAMEWORK_HEADER = YES;
				CLANG_WARN_RANGE_LOOP_ANALYSIS = YES;
				CLANG_WARN_STRICT_PROTOTYPES = YES;
				CLANG_WARN_SUSPICIOUS_MOVE = YES;
				CLANG_WARN_UNGUARDED_AVAILABILITY = YES_AGGRESSIVE;
				CLANG_WARN_UNREACHABLE_CODE = YES;
				CLANG_WARN__DUPLICATE_METHOD_MATCH = YES;
				COPY_PHASE_STRIP = NO;
				DEBUG_INFORMATION_FORMAT = "dwarf-with-dsym";
				ENABLE_NS_ASSERTIONS = NO;
				ENABLE_STRICT_OBJC_MSGSEND = YES;
				GCC_C_LANGUAGE_STANDARD = gnu11;
				GCC_NO_COMMON_BLOCKS = YES;
				GCC_WARN_64_TO_32_BIT_CONVERSION = YES;
				GCC_WARN_ABOUT_RETURN_TYPE = YES_ERROR;
				GCC_WARN_UNDECLARED_SELECTOR = YES;
				GCC_WARN_UNINITIALIZED_AUTOS = YES_AGGRESSIVE;
				GCC_WARN_UNUSED_FUNCTION = YES;
				GCC_WARN_UNUSED_VARIABLE = YES;
				IPHONEOS_DEPLOYMENT_TARGET = 16.0;
				MTL_ENABLE_DEBUG_INFO = NO;
				MTL_FAST_MATH = YES;
				SDKROOT = iphoneos;
				SWIFT_COMPILATION_MODE = wholemodule;
				SWIFT_OPTIMIZATION_LEVEL = "-O";
				SWIFT_STRICT_CONCURRENCY = complete;
				VALIDATE_PRODUCT = YES;
			};
			name = Release;
		};
		7FBB6EE62AE996D6005F0F43 /* Debug */ = {
			isa = XCBuildConfiguration;
			buildSettings = {
				ASSETCATALOG_COMPILER_APPICON_NAME = AppIcon;
				ASSETCATALOG_COMPILER_GLOBAL_ACCENT_COLOR_NAME = AccentColor;
				CODE_SIGN_STYLE = Automatic;
				CURRENT_PROJECT_VERSION = 1;
				DEVELOPMENT_ASSET_PATHS = "\"WeatherApp/Preview Content\"";
				DEVELOPMENT_TEAM = FW8UHM7L2P;
				ENABLE_PREVIEWS = YES;
				GENERATE_INFOPLIST_FILE = YES;
				INFOPLIST_FILE = WeatherApp/Info.plist;
				INFOPLIST_KEY_UIApplicationSupportsIndirectInputEvents = YES;
				INFOPLIST_KEY_UILaunchScreen_Generation = YES;
				INFOPLIST_KEY_UISupportedInterfaceOrientations_iPad = "UIInterfaceOrientationPortrait UIInterfaceOrientationPortraitUpsideDown UIInterfaceOrientationLandscapeLeft UIInterfaceOrientationLandscapeRight";
				INFOPLIST_KEY_UISupportedInterfaceOrientations_iPhone = "UIInterfaceOrientationPortrait UIInterfaceOrientationLandscapeLeft UIInterfaceOrientationLandscapeRight";
				LD_RUNPATH_SEARCH_PATHS = (
					"$(inherited)",
					"@executable_path/Frameworks",
				);
				MARKETING_VERSION = 1.0;
				PRODUCT_BUNDLE_IDENTIFIER = bzdybowicz.WeatherApp;
				PRODUCT_NAME = "$(TARGET_NAME)";
				SWIFT_EMIT_LOC_STRINGS = YES;
				SWIFT_VERSION = 5.0;
				TARGETED_DEVICE_FAMILY = "1,2";
			};
			name = Debug;
		};
		7FBB6EE72AE996D6005F0F43 /* Release */ = {
			isa = XCBuildConfiguration;
			buildSettings = {
				ASSETCATALOG_COMPILER_APPICON_NAME = AppIcon;
				ASSETCATALOG_COMPILER_GLOBAL_ACCENT_COLOR_NAME = AccentColor;
				CODE_SIGN_STYLE = Automatic;
				CURRENT_PROJECT_VERSION = 1;
				DEVELOPMENT_ASSET_PATHS = "\"WeatherApp/Preview Content\"";
				DEVELOPMENT_TEAM = FW8UHM7L2P;
				ENABLE_PREVIEWS = YES;
				GENERATE_INFOPLIST_FILE = YES;
				INFOPLIST_FILE = WeatherApp/Info.plist;
				INFOPLIST_KEY_UIApplicationSupportsIndirectInputEvents = YES;
				INFOPLIST_KEY_UILaunchScreen_Generation = YES;
				INFOPLIST_KEY_UISupportedInterfaceOrientations_iPad = "UIInterfaceOrientationPortrait UIInterfaceOrientationPortraitUpsideDown UIInterfaceOrientationLandscapeLeft UIInterfaceOrientationLandscapeRight";
				INFOPLIST_KEY_UISupportedInterfaceOrientations_iPhone = "UIInterfaceOrientationPortrait UIInterfaceOrientationLandscapeLeft UIInterfaceOrientationLandscapeRight";
				LD_RUNPATH_SEARCH_PATHS = (
					"$(inherited)",
					"@executable_path/Frameworks",
				);
				MARKETING_VERSION = 1.0;
				PRODUCT_BUNDLE_IDENTIFIER = bzdybowicz.WeatherApp;
				PRODUCT_NAME = "$(TARGET_NAME)";
				SWIFT_EMIT_LOC_STRINGS = YES;
				SWIFT_VERSION = 5.0;
				TARGETED_DEVICE_FAMILY = "1,2";
			};
			name = Release;
		};
		7FBB6EE92AE996D6005F0F43 /* Debug */ = {
			isa = XCBuildConfiguration;
			buildSettings = {
				ALWAYS_EMBED_SWIFT_STANDARD_LIBRARIES = YES;
				BUNDLE_LOADER = "$(TEST_HOST)";
				CODE_SIGN_STYLE = Automatic;
				CURRENT_PROJECT_VERSION = 1;
				DEVELOPMENT_TEAM = FW8UHM7L2P;
				GENERATE_INFOPLIST_FILE = YES;
				IPHONEOS_DEPLOYMENT_TARGET = 16.4;
				MARKETING_VERSION = 1.0;
				PRODUCT_BUNDLE_IDENTIFIER = bzdybowicz.WeatherAppTests;
				PRODUCT_NAME = "$(TARGET_NAME)";
				SWIFT_EMIT_LOC_STRINGS = NO;
				SWIFT_VERSION = 5.0;
				TARGETED_DEVICE_FAMILY = "1,2";
				TEST_HOST = "$(BUILT_PRODUCTS_DIR)/WeatherApp.app/$(BUNDLE_EXECUTABLE_FOLDER_PATH)/WeatherApp";
			};
			name = Debug;
		};
		7FBB6EEA2AE996D6005F0F43 /* Release */ = {
			isa = XCBuildConfiguration;
			buildSettings = {
				ALWAYS_EMBED_SWIFT_STANDARD_LIBRARIES = YES;
				BUNDLE_LOADER = "$(TEST_HOST)";
				CODE_SIGN_STYLE = Automatic;
				CURRENT_PROJECT_VERSION = 1;
				DEVELOPMENT_TEAM = FW8UHM7L2P;
				GENERATE_INFOPLIST_FILE = YES;
				IPHONEOS_DEPLOYMENT_TARGET = 16.4;
				MARKETING_VERSION = 1.0;
				PRODUCT_BUNDLE_IDENTIFIER = bzdybowicz.WeatherAppTests;
				PRODUCT_NAME = "$(TARGET_NAME)";
				SWIFT_EMIT_LOC_STRINGS = NO;
				SWIFT_VERSION = 5.0;
				TARGETED_DEVICE_FAMILY = "1,2";
				TEST_HOST = "$(BUILT_PRODUCTS_DIR)/WeatherApp.app/$(BUNDLE_EXECUTABLE_FOLDER_PATH)/WeatherApp";
			};
			name = Release;
		};
		7FBB6EEC2AE996D6005F0F43 /* Debug */ = {
			isa = XCBuildConfiguration;
			buildSettings = {
				ALWAYS_EMBED_SWIFT_STANDARD_LIBRARIES = YES;
				CODE_SIGN_STYLE = Automatic;
				CURRENT_PROJECT_VERSION = 1;
				DEVELOPMENT_TEAM = FW8UHM7L2P;
				GENERATE_INFOPLIST_FILE = YES;
				MARKETING_VERSION = 1.0;
				PRODUCT_BUNDLE_IDENTIFIER = bzdybowicz.WeatherAppUITests;
				PRODUCT_NAME = "$(TARGET_NAME)";
				SWIFT_EMIT_LOC_STRINGS = NO;
				SWIFT_VERSION = 5.0;
				TARGETED_DEVICE_FAMILY = "1,2";
				TEST_TARGET_NAME = WeatherApp;
			};
			name = Debug;
		};
		7FBB6EED2AE996D6005F0F43 /* Release */ = {
			isa = XCBuildConfiguration;
			buildSettings = {
				ALWAYS_EMBED_SWIFT_STANDARD_LIBRARIES = YES;
				CODE_SIGN_STYLE = Automatic;
				CURRENT_PROJECT_VERSION = 1;
				DEVELOPMENT_TEAM = FW8UHM7L2P;
				GENERATE_INFOPLIST_FILE = YES;
				MARKETING_VERSION = 1.0;
				PRODUCT_BUNDLE_IDENTIFIER = bzdybowicz.WeatherAppUITests;
				PRODUCT_NAME = "$(TARGET_NAME)";
				SWIFT_EMIT_LOC_STRINGS = NO;
				SWIFT_VERSION = 5.0;
				TARGETED_DEVICE_FAMILY = "1,2";
				TEST_TARGET_NAME = WeatherApp;
			};
			name = Release;
		};
/* End XCBuildConfiguration section */

/* Begin XCConfigurationList section */
		7FBB6EBC2AE996D3005F0F43 /* Build configuration list for PBXProject "WeatherApp" */ = {
			isa = XCConfigurationList;
			buildConfigurations = (
				7FBB6EE32AE996D6005F0F43 /* Debug */,
				7FBB6EE42AE996D6005F0F43 /* Release */,
			);
			defaultConfigurationIsVisible = 0;
			defaultConfigurationName = Release;
		};
		7FBB6EE52AE996D6005F0F43 /* Build configuration list for PBXNativeTarget "WeatherApp" */ = {
			isa = XCConfigurationList;
			buildConfigurations = (
				7FBB6EE62AE996D6005F0F43 /* Debug */,
				7FBB6EE72AE996D6005F0F43 /* Release */,
			);
			defaultConfigurationIsVisible = 0;
			defaultConfigurationName = Release;
		};
		7FBB6EE82AE996D6005F0F43 /* Build configuration list for PBXNativeTarget "WeatherAppTests" */ = {
			isa = XCConfigurationList;
			buildConfigurations = (
				7FBB6EE92AE996D6005F0F43 /* Debug */,
				7FBB6EEA2AE996D6005F0F43 /* Release */,
			);
			defaultConfigurationIsVisible = 0;
			defaultConfigurationName = Release;
		};
		7FBB6EEB2AE996D6005F0F43 /* Build configuration list for PBXNativeTarget "WeatherAppUITests" */ = {
			isa = XCConfigurationList;
			buildConfigurations = (
				7FBB6EEC2AE996D6005F0F43 /* Debug */,
				7FBB6EED2AE996D6005F0F43 /* Release */,
			);
			defaultConfigurationIsVisible = 0;
			defaultConfigurationName = Release;
		};
/* End XCConfigurationList section */
	};
	rootObject = 7FBB6EB92AE996D3005F0F43 /* Project object */;
}
